{
  "name": "all_tech",
  "version": "1.0.0",
  "lockfileVersion": 3,
  "requires": true,
  "packages": {
    "": {
      "name": "all_tech",
      "version": "1.0.0",
      "license": "ISC",
      "dependencies": {
        "react": "^0.0.0-experimental-456d153bb-20230828",
        "react-dom": "^0.0.0-experimental-456d153bb-20230828"
      }
    },
    "node_modules/js-tokens": {
      "version": "4.0.0",
      "resolved": "https://registry.npmjs.org/js-tokens/-/js-tokens-4.0.0.tgz",
      "integrity": "sha512-RdJUflcE3cUzKiMqQgsCu06FPu9UdIJO0beYbPhHN4k6apgJtifcoCtT9bcxOpYBtpD2kCM6Sbzg4CausW/PKQ=="
    },
    "node_modules/loose-envify": {
      "version": "1.4.0",
      "resolved": "https://registry.npmjs.org/loose-envify/-/loose-envify-1.4.0.tgz",
      "integrity": "sha512-lyuxPGr/Wfhrlem2CL/UcnUc1zcqKAImBDzukY7Y5F/yQiNdko6+fRLevlw1HgMySw7f611UIY408EtxRSoK3Q==",
      "dependencies": {
        "js-tokens": "^3.0.0 || ^4.0.0"
      },
      "bin": {
        "loose-envify": "cli.js"
      }
    },
    "node_modules/react": {
      "version": "0.0.0-experimental-456d153bb-20230828",
      "resolved": "https://registry.npmjs.org/react/-/react-0.0.0-experimental-456d153bb-20230828.tgz",
      "integrity": "sha512-okG0ml/XxtEbg+H0kSaNW4GBKQ54R1DLw7ua3CqQVp+qDetbcJltUYY6w9jimbsloRpm2ZoZimTbTJ8JqC7lLQ==",
      "dependencies": {
        "loose-envify": "^1.1.0"
      },
      "engines": {
        "node": ">=0.10.0"
      }
    },
    "node_modules/react-dom": {
      "version": "0.0.0-experimental-456d153bb-20230828",
      "resolved": "https://registry.npmjs.org/react-dom/-/react-dom-0.0.0-experimental-456d153bb-20230828.tgz",
      "integrity": "sha512-Wt42emOolKRahRNiIWYrAWDd7mXDXy5GCarFmgNuoE4NyQiO8/XEhMuvMrsJzpf5GxAkjXZVR5Y8Kmx6sgXj3g==",
      "dependencies": {
        "loose-envify": "^1.1.0",
        "scheduler": "0.0.0-experimental-456d153bb-20230828"
      },
      "peerDependencies": {
        "react": "0.0.0-experimental-456d153bb-20230828"
      }
    },
    "node_modules/scheduler": {
      "version": "0.0.0-experimental-456d153bb-20230828",
      "resolved": "https://registry.npmjs.org/scheduler/-/scheduler-0.0.0-experimental-456d153bb-20230828.tgz",
      "integrity": "sha512-2dnxFct1GqriPJ/nmyjiyPOoMZIBf9tiTHG1++O1dydmtB7mnQcWduGDhAoKYnthKtaceH9AF1eu/hyTEDhDuw==",
      "dependencies": {
        "loose-envify": "^1.1.0"
      }
    }
  }
}
